<?xml version="1.0" encoding="utf-8"?>
<Project ToolsVersion="4.0" xmlns="http://schemas.microsoft.com/developer/msbuild/2003">
  <ItemGroup>
    <Filter Include="Workarounds">
      <UniqueIdentifier>{61961812-02c7-4487-9930-943619204981}</UniqueIdentifier>
    </Filter>
  </ItemGroup>
  <ItemGroup>
    <ClCompile Include="..\..\..\..\Source\ZThreading\ConditionVariable.cpp" />
    <ClCompile Include="..\..\..\..\Source\ZThreading\EThreadPriority.cpp" />
    <ClCompile Include="..\..\..\..\Source\ZThreading\Mutex.cpp" />
    <ClCompile Include="..\..\..\..\Source\ZThreading\RecursiveMutex.cpp" />
    <ClCompile Include="..\..\..\..\Source\ZThreading\SharedMutex.cpp" />
    <ClCompile Include="..\..\..\..\Source\ZThreading\SThisThread.cpp" />
    <ClCompile Include="..\..\..\..\Source\ZThreading\Thread.cpp" />
    <ClCompile Include="..\..\..\..\Source\Workarounds\Boost_ThrowException.cpp">
      <Filter>Workarounds</Filter>
    </ClCompile>
  </ItemGroup>
  <ItemGroup>
    <ClInclude Include="..\..\..\..\Headers\ZThreading\ConditionVariable.h" />
    <ClInclude Include="..\..\..\..\Headers\ZThreading\EThreadPriority.h" />
    <ClInclude Include="..\..\..\..\Headers\ZThreading\Mutex.h" />
    <ClInclude Include="..\..\..\..\Headers\ZThreading\RecursiveMutex.h" />
    <ClInclude Include="..\..\..\..\Headers\ZThreading\ScopedExclusiveLock.h" />
    <ClInclude Include="..\..\..\..\Headers\ZThreading\ScopedLockPair.h" />
    <ClInclude Include="..\..\..\..\Headers\ZThreading\ScopedSharedLock.h" />
    <ClInclude Include="..\..\..\..\Headers\ZThreading\SharedMutex.h" />
    <ClInclude Include="..\..\..\..\Headers\ZThreading\SThisThread.h" />
    <ClInclude Include="..\..\..\..\Headers\ZThreading\Thread.h" />
    <ClInclude Include="..\..\..\..\Headers\ZThreading\ThreadingModuleDefinitions.h" />
  </ItemGroup>
</Project>